// !$*UTF8*$!
{
	archiveVersion = 1;
	classes = {
	};
	objectVersion = 56;
	objects = {

/* Begin PBXBuildFile section */
		F037FE2A2B633F5100409645 /* TCM_Herbology_SwiftUIApp.swift in Sources */ = {isa = PBXBuildFile; fileRef = F037FE292B633F5100409645 /* TCM_Herbology_SwiftUIApp.swift */; };
		F037FE2C2B633F5100409645 /* ContentView.swift in Sources */ = {isa = PBXBuildFile; fileRef = F037FE2B2B633F5100409645 /* ContentView.swift */; };
		F037FE2E2B633F5200409645 /* Assets.xcassets in Resources */ = {isa = PBXBuildFile; fileRef = F037FE2D2B633F5200409645 /* Assets.xcassets */; };
		F037FE312B633F5200409645 /* Preview Assets.xcassets in Resources */ = {isa = PBXBuildFile; fileRef = F037FE302B633F5200409645 /* Preview Assets.xcassets */; };
		F037FE332B633F5200409645 /* Persistence.swift in Sources */ = {isa = PBXBuildFile; fileRef = F037FE322B633F5200409645 /* Persistence.swift */; };
		F037FE362B633F5200409645 /* TCM_Herbology_SwiftUI.xcdatamodeld in Sources */ = {isa = PBXBuildFile; fileRef = F037FE342B633F5200409645 /* TCM_Herbology_SwiftUI.xcdatamodeld */; };
		F037FE402B633F5200409645 /* TCM_Herbology_SwiftUITests.swift in Sources */ = {isa = PBXBuildFile; fileRef = F037FE3F2B633F5200409645 /* TCM_Herbology_SwiftUITests.swift */; };
		F037FE4A2B633F5200409645 /* TCM_Herbology_SwiftUIUITests.swift in Sources */ = {isa = PBXBuildFile; fileRef = F037FE492B633F5200409645 /* TCM_Herbology_SwiftUIUITests.swift */; };
		F037FE4C2B633F5200409645 /* TCM_Herbology_SwiftUIUITestsLaunchTests.swift in Sources */ = {isa = PBXBuildFile; fileRef = F037FE4B2B633F5200409645 /* TCM_Herbology_SwiftUIUITestsLaunchTests.swift */; };
		F037FE5B2B633FAC00409645 /* FufansService.swift in Sources */ = {isa = PBXBuildFile; fileRef = F037FE592B633FAC00409645 /* FufansService.swift */; };
		F037FE5C2B633FAC00409645 /* HerbsService.swift in Sources */ = {isa = PBXBuildFile; fileRef = F037FE5A2B633FAC00409645 /* HerbsService.swift */; };
		F037FE652B633FBC00409645 /* CoreDataTransform.swift in Sources */ = {isa = PBXBuildFile; fileRef = F037FE5E2B633FBC00409645 /* CoreDataTransform.swift */; };
		F037FE662B633FBC00409645 /* FufanDAO.swift in Sources */ = {isa = PBXBuildFile; fileRef = F037FE5F2B633FBC00409645 /* FufanDAO.swift */; };
		F037FE672B633FBC00409645 /* Model.swift in Sources */ = {isa = PBXBuildFile; fileRef = F037FE602B633FBC00409645 /* Model.swift */; };
		F037FE682B633FBC00409645 /* HerbVO.swift in Sources */ = {isa = PBXBuildFile; fileRef = F037FE612B633FBC00409645 /* HerbVO.swift */; };
		F037FE692B633FBC00409645 /* FufanVO.swift in Sources */ = {isa = PBXBuildFile; fileRef = F037FE622B633FBC00409645 /* FufanVO.swift */; };
		F037FE6A2B633FBC00409645 /* HerbDAO.swift in Sources */ = {isa = PBXBuildFile; fileRef = F037FE632B633FBC00409645 /* HerbDAO.swift */; };
		F037FE6B2B633FBC00409645 /* IDAO.swift in Sources */ = {isa = PBXBuildFile; fileRef = F037FE642B633FBC00409645 /* IDAO.swift */; };
		F037FE822B63403A00409645 /* MainNavigationLinkView.swift in Sources */ = {isa = PBXBuildFile; fileRef = F037FE7C2B63403900409645 /* MainNavigationLinkView.swift */; };
		F037FE832B63403A00409645 /* CellView.swift in Sources */ = {isa = PBXBuildFile; fileRef = F037FE7D2B63403A00409645 /* CellView.swift */; };
		F037FE842B63403A00409645 /* HerbDetailContent.swift in Sources */ = {isa = PBXBuildFile; fileRef = F037FE7E2B63403A00409645 /* HerbDetailContent.swift */; };
		F037FE852B63403A00409645 /* MainCellView.swift in Sources */ = {isa = PBXBuildFile; fileRef = F037FE7F2B63403A00409645 /* MainCellView.swift */; };
		F037FE862B63403A00409645 /* VCellView.swift in Sources */ = {isa = PBXBuildFile; fileRef = F037FE802B63403A00409645 /* VCellView.swift */; };
		F037FE872B63403A00409645 /* FufanCellView.swift in Sources */ = {isa = PBXBuildFile; fileRef = F037FE812B63403A00409645 /* FufanCellView.swift */; };
		F037FE8A2B63E46600409645 /* HerbDetailViewModel.swift in Sources */ = {isa = PBXBuildFile; fileRef = F037FE892B63E46600409645 /* HerbDetailViewModel.swift */; };
		F0C31C8A2B63F16D005357C6 /* MainViewModel.swift in Sources */ = {isa = PBXBuildFile; fileRef = F0C31C892B63F16D005357C6 /* MainViewModel.swift */; };
		F0C31C902B641408005357C6 /* CustomCollectionViewCell.swift in Sources */ = {isa = PBXBuildFile; fileRef = F0C31C8F2B641408005357C6 /* CustomCollectionViewCell.swift */; };
		F0C31C942B64149B005357C6 /* CustomCollectionView.swift in Sources */ = {isa = PBXBuildFile; fileRef = F0C31C932B64149B005357C6 /* CustomCollectionView.swift */; };
		F0C31C962B6419A3005357C6 /* ViewController.swift in Sources */ = {isa = PBXBuildFile; fileRef = F0C31C952B6419A3005357C6 /* ViewController.swift */; };
/* End PBXBuildFile section */

/* Begin PBXContainerItemProxy section */
		F037FE3C2B633F5200409645 /* PBXContainerItemProxy */ = {
			isa = PBXContainerItemProxy;
			containerPortal = F037FE1E2B633F5100409645 /* Project object */;
			proxyType = 1;
			remoteGlobalIDString = F037FE252B633F5100409645;
			remoteInfo = TCM_Herbology_SwiftUI;
		};
		F037FE462B633F5200409645 /* PBXContainerItemProxy */ = {
			isa = PBXContainerItemProxy;
			containerPortal = F037FE1E2B633F5100409645 /* Project object */;
			proxyType = 1;
			remoteGlobalIDString = F037FE252B633F5100409645;
			remoteInfo = TCM_Herbology_SwiftUI;
		};
/* End PBXContainerItemProxy section */

/* Begin PBXFileReference section */
		F037FE262B633F5100409645 /* TCM_Herbology_SwiftUI_MVVVM.app */ = {isa = PBXFileReference; explicitFileType = wrapper.application; includeInIndex = 0; path = TCM_Herbology_SwiftUI_MVVVM.app; sourceTree = BUILT_PRODUCTS_DIR; };
		F037FE292B633F5100409645 /* TCM_Herbology_SwiftUIApp.swift */ = {isa = PBXFileReference; lastKnownFileType = sourcecode.swift; path = TCM_Herbology_SwiftUIApp.swift; sourceTree = "<group>"; };
		F037FE2B2B633F5100409645 /* ContentView.swift */ = {isa = PBXFileReference; lastKnownFileType = sourcecode.swift; path = ContentView.swift; sourceTree = "<group>"; };
		F037FE2D2B633F5200409645 /* Assets.xcassets */ = {isa = PBXFileReference; lastKnownFileType = folder.assetcatalog; path = Assets.xcassets; sourceTree = "<group>"; };
		F037FE302B633F5200409645 /* Preview Assets.xcassets */ = {isa = PBXFileReference; lastKnownFileType = folder.assetcatalog; path = "Preview Assets.xcassets"; sourceTree = "<group>"; };
		F037FE322B633F5200409645 /* Persistence.swift */ = {isa = PBXFileReference; lastKnownFileType = sourcecode.swift; path = Persistence.swift; sourceTree = "<group>"; };
		F037FE352B633F5200409645 /* TCM_Herbology_SwiftUI.xcdatamodel */ = {isa = PBXFileReference; lastKnownFileType = wrapper.xcdatamodel; path = TCM_Herbology_SwiftUI.xcdatamodel; sourceTree = "<group>"; };
		F037FE3B2B633F5200409645 /* TCM_Herbology_SwiftUI_MVVVMTests.xctest */ = {isa = PBXFileReference; explicitFileType = wrapper.cfbundle; includeInIndex = 0; path = TCM_Herbology_SwiftUI_MVVVMTests.xctest; sourceTree = BUILT_PRODUCTS_DIR; };
		F037FE3F2B633F5200409645 /* TCM_Herbology_SwiftUITests.swift */ = {isa = PBXFileReference; lastKnownFileType = sourcecode.swift; path = TCM_Herbology_SwiftUITests.swift; sourceTree = "<group>"; };
		F037FE452B633F5200409645 /* TCM_Herbology_SwiftUI_MVVVMUITests.xctest */ = {isa = PBXFileReference; explicitFileType = wrapper.cfbundle; includeInIndex = 0; path = TCM_Herbology_SwiftUI_MVVVMUITests.xctest; sourceTree = BUILT_PRODUCTS_DIR; };
		F037FE492B633F5200409645 /* TCM_Herbology_SwiftUIUITests.swift */ = {isa = PBXFileReference; lastKnownFileType = sourcecode.swift; path = TCM_Herbology_SwiftUIUITests.swift; sourceTree = "<group>"; };
		F037FE4B2B633F5200409645 /* TCM_Herbology_SwiftUIUITestsLaunchTests.swift */ = {isa = PBXFileReference; lastKnownFileType = sourcecode.swift; path = TCM_Herbology_SwiftUIUITestsLaunchTests.swift; sourceTree = "<group>"; };
		F037FE592B633FAC00409645 /* FufansService.swift */ = {isa = PBXFileReference; fileEncoding = 4; lastKnownFileType = sourcecode.swift; path = FufansService.swift; sourceTree = "<group>"; };
		F037FE5A2B633FAC00409645 /* HerbsService.swift */ = {isa = PBXFileReference; fileEncoding = 4; lastKnownFileType = sourcecode.swift; path = HerbsService.swift; sourceTree = "<group>"; };
		F037FE5E2B633FBC00409645 /* CoreDataTransform.swift */ = {isa = PBXFileReference; fileEncoding = 4; lastKnownFileType = sourcecode.swift; path = CoreDataTransform.swift; sourceTree = "<group>"; };
		F037FE5F2B633FBC00409645 /* FufanDAO.swift */ = {isa = PBXFileReference; fileEncoding = 4; lastKnownFileType = sourcecode.swift; path = FufanDAO.swift; sourceTree = "<group>"; };
		F037FE602B633FBC00409645 /* Model.swift */ = {isa = PBXFileReference; fileEncoding = 4; lastKnownFileType = sourcecode.swift; path = Model.swift; sourceTree = "<group>"; };
		F037FE612B633FBC00409645 /* HerbVO.swift */ = {isa = PBXFileReference; fileEncoding = 4; lastKnownFileType = sourcecode.swift; path = HerbVO.swift; sourceTree = "<group>"; };
		F037FE622B633FBC00409645 /* FufanVO.swift */ = {isa = PBXFileReference; fileEncoding = 4; lastKnownFileType = sourcecode.swift; path = FufanVO.swift; sourceTree = "<group>"; };
		F037FE632B633FBC00409645 /* HerbDAO.swift */ = {isa = PBXFileReference; fileEncoding = 4; lastKnownFileType = sourcecode.swift; path = HerbDAO.swift; sourceTree = "<group>"; };
		F037FE642B633FBC00409645 /* IDAO.swift */ = {isa = PBXFileReference; fileEncoding = 4; lastKnownFileType = sourcecode.swift; path = IDAO.swift; sourceTree = "<group>"; };
		F037FE7C2B63403900409645 /* MainNavigationLinkView.swift */ = {isa = PBXFileReference; fileEncoding = 4; lastKnownFileType = sourcecode.swift; path = MainNavigationLinkView.swift; sourceTree = "<group>"; };
		F037FE7D2B63403A00409645 /* CellView.swift */ = {isa = PBXFileReference; fileEncoding = 4; lastKnownFileType = sourcecode.swift; path = CellView.swift; sourceTree = "<group>"; };
		F037FE7E2B63403A00409645 /* HerbDetailContent.swift */ = {isa = PBXFileReference; fileEncoding = 4; lastKnownFileType = sourcecode.swift; path = HerbDetailContent.swift; sourceTree = "<group>"; };
		F037FE7F2B63403A00409645 /* MainCellView.swift */ = {isa = PBXFileReference; fileEncoding = 4; lastKnownFileType = sourcecode.swift; path = MainCellView.swift; sourceTree = "<group>"; };
		F037FE802B63403A00409645 /* VCellView.swift */ = {isa = PBXFileReference; fileEncoding = 4; lastKnownFileType = sourcecode.swift; path = VCellView.swift; sourceTree = "<group>"; };
		F037FE812B63403A00409645 /* FufanCellView.swift */ = {isa = PBXFileReference; fileEncoding = 4; lastKnownFileType = sourcecode.swift; path = FufanCellView.swift; sourceTree = "<group>"; };
		F037FE892B63E46600409645 /* HerbDetailViewModel.swift */ = {isa = PBXFileReference; lastKnownFileType = sourcecode.swift; path = HerbDetailViewModel.swift; sourceTree = "<group>"; };
		F0C31C892B63F16D005357C6 /* MainViewModel.swift */ = {isa = PBXFileReference; lastKnownFileType = sourcecode.swift; path = MainViewModel.swift; sourceTree = "<group>"; };
		F0C31C8F2B641408005357C6 /* CustomCollectionViewCell.swift */ = {isa = PBXFileReference; fileEncoding = 4; lastKnownFileType = sourcecode.swift; path = CustomCollectionViewCell.swift; sourceTree = "<group>"; };
		F0C31C932B64149B005357C6 /* CustomCollectionView.swift */ = {isa = PBXFileReference; lastKnownFileType = sourcecode.swift; path = CustomCollectionView.swift; sourceTree = "<group>"; };
		F0C31C952B6419A3005357C6 /* ViewController.swift */ = {isa = PBXFileReference; fileEncoding = 4; lastKnownFileType = sourcecode.swift; name = ViewController.swift; path = TCM_Herbology_SwiftUI/Controllers/ViewController.swift; sourceTree = SOURCE_ROOT; };
/* End PBXFileReference section */

/* Begin PBXFrameworksBuildPhase section */
		F037FE232B633F5100409645 /* Frameworks */ = {
			isa = PBXFrameworksBuildPhase;
			buildActionMask = 2147483647;
			files = (
			);
			runOnlyForDeploymentPostprocessing = 0;
		};
		F037FE382B633F5200409645 /* Frameworks */ = {
			isa = PBXFrameworksBuildPhase;
			buildActionMask = 2147483647;
			files = (
			);
			runOnlyForDeploymentPostprocessing = 0;
		};
		F037FE422B633F5200409645 /* Frameworks */ = {
			isa = PBXFrameworksBuildPhase;
			buildActionMask = 2147483647;
			files = (
			);
			runOnlyForDeploymentPostprocessing = 0;
		};
/* End PBXFrameworksBuildPhase section */

/* Begin PBXGroup section */
		F037FE1D2B633F5100409645 = {
			isa = PBXGroup;
			children = (
				F037FE282B633F5100409645 /* TCM_Herbology_SwiftUI */,
				F037FE3E2B633F5200409645 /* TCM_Herbology_SwiftUITests */,
				F037FE482B633F5200409645 /* TCM_Herbology_SwiftUIUITests */,
				F037FE272B633F5100409645 /* Products */,
			);
			sourceTree = "<group>";
		};
		F037FE272B633F5100409645 /* Products */ = {
			isa = PBXGroup;
			children = (
				F037FE262B633F5100409645 /* TCM_Herbology_SwiftUI_MVVVM.app */,
				F037FE3B2B633F5200409645 /* TCM_Herbology_SwiftUI_MVVVMTests.xctest */,
				F037FE452B633F5200409645 /* TCM_Herbology_SwiftUI_MVVVMUITests.xctest */,
			);
			name = Products;
			sourceTree = "<group>";
		};
		F037FE282B633F5100409645 /* TCM_Herbology_SwiftUI */ = {
			isa = PBXGroup;
			children = (
				F0C31C8B2B641364005357C6 /* Controllers */,
				F037FE882B63E2D200409645 /* ViewModels */,
				F037FE7B2B63403900409645 /* Views */,
				F037FE5D2B633FBC00409645 /* Models */,
				F037FE582B633FAC00409645 /* Services */,
				F037FE292B633F5100409645 /* TCM_Herbology_SwiftUIApp.swift */,
				F037FE2B2B633F5100409645 /* ContentView.swift */,
				F037FE2D2B633F5200409645 /* Assets.xcassets */,
				F037FE322B633F5200409645 /* Persistence.swift */,
				F037FE342B633F5200409645 /* TCM_Herbology_SwiftUI.xcdatamodeld */,
				F037FE2F2B633F5200409645 /* Preview Content */,
			);
			path = TCM_Herbology_SwiftUI;
			sourceTree = "<group>";
		};
		F037FE2F2B633F5200409645 /* Preview Content */ = {
			isa = PBXGroup;
			children = (
				F037FE302B633F5200409645 /* Preview Assets.xcassets */,
			);
			path = "Preview Content";
			sourceTree = "<group>";
		};
		F037FE3E2B633F5200409645 /* TCM_Herbology_SwiftUITests */ = {
			isa = PBXGroup;
			children = (
				F037FE3F2B633F5200409645 /* TCM_Herbology_SwiftUITests.swift */,
			);
			path = TCM_Herbology_SwiftUITests;
			sourceTree = "<group>";
		};
		F037FE482B633F5200409645 /* TCM_Herbology_SwiftUIUITests */ = {
			isa = PBXGroup;
			children = (
				F037FE492B633F5200409645 /* TCM_Herbology_SwiftUIUITests.swift */,
				F037FE4B2B633F5200409645 /* TCM_Herbology_SwiftUIUITestsLaunchTests.swift */,
			);
			path = TCM_Herbology_SwiftUIUITests;
			sourceTree = "<group>";
		};
		F037FE582B633FAC00409645 /* Services */ = {
			isa = PBXGroup;
			children = (
				F037FE592B633FAC00409645 /* FufansService.swift */,
				F037FE5A2B633FAC00409645 /* HerbsService.swift */,
			);
			path = Services;
			sourceTree = "<group>";
		};
		F037FE5D2B633FBC00409645 /* Models */ = {
			isa = PBXGroup;
			children = (
				F037FE5E2B633FBC00409645 /* CoreDataTransform.swift */,
				F037FE5F2B633FBC00409645 /* FufanDAO.swift */,
				F037FE602B633FBC00409645 /* Model.swift */,
				F037FE612B633FBC00409645 /* HerbVO.swift */,
				F037FE622B633FBC00409645 /* FufanVO.swift */,
				F037FE632B633FBC00409645 /* HerbDAO.swift */,
				F037FE642B633FBC00409645 /* IDAO.swift */,
			);
			path = Models;
			sourceTree = "<group>";
		};
		F037FE7B2B63403900409645 /* Views */ = {
			isa = PBXGroup;
			children = (
				F037FE7C2B63403900409645 /* MainNavigationLinkView.swift */,
				F037FE7D2B63403A00409645 /* CellView.swift */,
				F037FE7E2B63403A00409645 /* HerbDetailContent.swift */,
				F037FE7F2B63403A00409645 /* MainCellView.swift */,
				F037FE802B63403A00409645 /* VCellView.swift */,
				F037FE812B63403A00409645 /* FufanCellView.swift */,
				F0C31C932B64149B005357C6 /* CustomCollectionView.swift */,
			);
			path = Views;
			sourceTree = "<group>";
		};
		F037FE882B63E2D200409645 /* ViewModels */ = {
			isa = PBXGroup;
			children = (
				F037FE892B63E46600409645 /* HerbDetailViewModel.swift */,
				F0C31C892B63F16D005357C6 /* MainViewModel.swift */,
			);
			path = ViewModels;
			sourceTree = "<group>";
		};
		F0C31C8B2B641364005357C6 /* Controllers */ = {
			isa = PBXGroup;
			children = (
				F0C31C952B6419A3005357C6 /* ViewController.swift */,
				F0C31C8E2B6413E7005357C6 /* Cells */,
			);
			path = Controllers;
			sourceTree = "<group>";
		};
		F0C31C8E2B6413E7005357C6 /* Cells */ = {
			isa = PBXGroup;
			children = (
				F0C31C8F2B641408005357C6 /* CustomCollectionViewCell.swift */,
			);
			path = Cells;
			sourceTree = "<group>";
		};
/* End PBXGroup section */

/* Begin PBXNativeTarget section */
		F037FE252B633F5100409645 /* TCM_Herbology_SwiftUI_MVVVM */ = {
			isa = PBXNativeTarget;
			buildConfigurationList = F037FE4F2B633F5200409645 /* Build configuration list for PBXNativeTarget "TCM_Herbology_SwiftUI_MVVVM" */;
			buildPhases = (
				F037FE222B633F5100409645 /* Sources */,
				F037FE232B633F5100409645 /* Frameworks */,
				F037FE242B633F5100409645 /* Resources */,
			);
			buildRules = (
			);
			dependencies = (
			);
			name = TCM_Herbology_SwiftUI_MVVVM;
			productName = TCM_Herbology_SwiftUI;
			productReference = F037FE262B633F5100409645 /* TCM_Herbology_SwiftUI_MVVVM.app */;
			productType = "com.apple.product-type.application";
		};
		F037FE3A2B633F5200409645 /* TCM_Herbology_SwiftUI_MVVVMTests */ = {
			isa = PBXNativeTarget;
			buildConfigurationList = F037FE522B633F5200409645 /* Build configuration list for PBXNativeTarget "TCM_Herbology_SwiftUI_MVVVMTests" */;
			buildPhases = (
				F037FE372B633F5200409645 /* Sources */,
				F037FE382B633F5200409645 /* Frameworks */,
				F037FE392B633F5200409645 /* Resources */,
			);
			buildRules = (
			);
			dependencies = (
				F037FE3D2B633F5200409645 /* PBXTargetDependency */,
			);
			name = TCM_Herbology_SwiftUI_MVVVMTests;
			productName = TCM_Herbology_SwiftUITests;
			productReference = F037FE3B2B633F5200409645 /* TCM_Herbology_SwiftUI_MVVVMTests.xctest */;
			productType = "com.apple.product-type.bundle.unit-test";
		};
		F037FE442B633F5200409645 /* TCM_Herbology_SwiftUI_MVVVMUITests */ = {
			isa = PBXNativeTarget;
			buildConfigurationList = F037FE552B633F5200409645 /* Build configuration list for PBXNativeTarget "TCM_Herbology_SwiftUI_MVVVMUITests" */;
			buildPhases = (
				F037FE412B633F5200409645 /* Sources */,
				F037FE422B633F5200409645 /* Frameworks */,
				F037FE432B633F5200409645 /* Resources */,
			);
			buildRules = (
			);
			dependencies = (
				F037FE472B633F5200409645 /* PBXTargetDependency */,
			);
			name = TCM_Herbology_SwiftUI_MVVVMUITests;
			productName = TCM_Herbology_SwiftUIUITests;
			productReference = F037FE452B633F5200409645 /* TCM_Herbology_SwiftUI_MVVVMUITests.xctest */;
			productType = "com.apple.product-type.bundle.ui-testing";
		};
/* End PBXNativeTarget section */

/* Begin PBXProject section */
		F037FE1E2B633F5100409645 /* Project object */ = {
			isa = PBXProject;
			attributes = {
				BuildIndependentTargetsInParallel = 1;
				LastSwiftUpdateCheck = 1520;
				LastUpgradeCheck = 1520;
				TargetAttributes = {
					F037FE252B633F5100409645 = {
						CreatedOnToolsVersion = 15.2;
					};
					F037FE3A2B633F5200409645 = {
						CreatedOnToolsVersion = 15.2;
						TestTargetID = F037FE252B633F5100409645;
					};
					F037FE442B633F5200409645 = {
						CreatedOnToolsVersion = 15.2;
						TestTargetID = F037FE252B633F5100409645;
					};
				};
			};
			buildConfigurationList = F037FE212B633F5100409645 /* Build configuration list for PBXProject "TCM_Herbology_SwiftUI_MVVVM" */;
			compatibilityVersion = "Xcode 14.0";
			developmentRegion = en;
			hasScannedForEncodings = 0;
			knownRegions = (
				en,
				Base,
			);
			mainGroup = F037FE1D2B633F5100409645;
			productRefGroup = F037FE272B633F5100409645 /* Products */;
			projectDirPath = "";
			projectRoot = "";
			targets = (
				F037FE252B633F5100409645 /* TCM_Herbology_SwiftUI_MVVVM */,
				F037FE3A2B633F5200409645 /* TCM_Herbology_SwiftUI_MVVVMTests */,
				F037FE442B633F5200409645 /* TCM_Herbology_SwiftUI_MVVVMUITests */,
			);
		};
/* End PBXProject section */

/* Begin PBXResourcesBuildPhase section */
		F037FE242B633F5100409645 /* Resources */ = {
			isa = PBXResourcesBuildPhase;
			buildActionMask = 2147483647;
			files = (
				F037FE312B633F5200409645 /* Preview Assets.xcassets in Resources */,
				F037FE2E2B633F5200409645 /* Assets.xcassets in Resources */,
			);
			runOnlyForDeploymentPostprocessing = 0;
		};
		F037FE392B633F5200409645 /* Resources */ = {
			isa = PBXResourcesBuildPhase;
			buildActionMask = 2147483647;
			files = (
			);
			runOnlyForDeploymentPostprocessing = 0;
		};
		F037FE432B633F5200409645 /* Resources */ = {
			isa = PBXResourcesBuildPhase;
			buildActionMask = 2147483647;
			files = (
			);
			runOnlyForDeploymentPostprocessing = 0;
		};
/* End PBXResourcesBuildPhase section */

/* Begin PBXSourcesBuildPhase section */
		F037FE222B633F5100409645 /* Sources */ = {
			isa = PBXSourcesBuildPhase;
			buildActionMask = 2147483647;
			files = (
				F037FE672B633FBC00409645 /* Model.swift in Sources */,
				F037FE842B63403A00409645 /* HerbDetailContent.swift in Sources */,
				F037FE822B63403A00409645 /* MainNavigationLinkView.swift in Sources */,
				F037FE5C2B633FAC00409645 /* HerbsService.swift in Sources */,
				F037FE332B633F5200409645 /* Persistence.swift in Sources */,
				F037FE2C2B633F5100409645 /* ContentView.swift in Sources */,
				F0C31C962B6419A3005357C6 /* ViewController.swift in Sources */,
				F037FE5B2B633FAC00409645 /* FufansService.swift in Sources */,
				F037FE6A2B633FBC00409645 /* HerbDAO.swift in Sources */,
				F037FE8A2B63E46600409645 /* HerbDetailViewModel.swift in Sources */,
				F037FE6B2B633FBC00409645 /* IDAO.swift in Sources */,
				F037FE682B633FBC00409645 /* HerbVO.swift in Sources */,
				F037FE852B63403A00409645 /* MainCellView.swift in Sources */,
				F037FE862B63403A00409645 /* VCellView.swift in Sources */,
				F037FE362B633F5200409645 /* TCM_Herbology_SwiftUI.xcdatamodeld in Sources */,
				F0C31C8A2B63F16D005357C6 /* MainViewModel.swift in Sources */,
				F0C31C942B64149B005357C6 /* CustomCollectionView.swift in Sources */,
				F037FE662B633FBC00409645 /* FufanDAO.swift in Sources */,
				F037FE832B63403A00409645 /* CellView.swift in Sources */,
				F037FE692B633FBC00409645 /* FufanVO.swift in Sources */,
				F037FE872B63403A00409645 /* FufanCellView.swift in Sources */,
				F037FE2A2B633F5100409645 /* TCM_Herbology_SwiftUIApp.swift in Sources */,
				F037FE652B633FBC00409645 /* CoreDataTransform.swift in Sources */,
				F0C31C902B641408005357C6 /* CustomCollectionViewCell.swift in Sources */,
			);
			runOnlyForDeploymentPostprocessing = 0;
		};
		F037FE372B633F5200409645 /* Sources */ = {
			isa = PBXSourcesBuildPhase;
			buildActionMask = 2147483647;
			files = (
				F037FE402B633F5200409645 /* TCM_Herbology_SwiftUITests.swift in Sources */,
			);
			runOnlyForDeploymentPostprocessing = 0;
		};
		F037FE412B633F5200409645 /* Sources */ = {
			isa = PBXSourcesBuildPhase;
			buildActionMask = 2147483647;
			files = (
				F037FE4A2B633F5200409645 /* TCM_Herbology_SwiftUIUITests.swift in Sources */,
				F037FE4C2B633F5200409645 /* TCM_Herbology_SwiftUIUITestsLaunchTests.swift in Sources */,
			);
			runOnlyForDeploymentPostprocessing = 0;
		};
/* End PBXSourcesBuildPhase section */

/* Begin PBXTargetDependency section */
		F037FE3D2B633F5200409645 /* PBXTargetDependency */ = {
			isa = PBXTargetDependency;
			target = F037FE252B633F5100409645 /* TCM_Herbology_SwiftUI_MVVVM */;
			targetProxy = F037FE3C2B633F5200409645 /* PBXContainerItemProxy */;
		};
		F037FE472B633F5200409645 /* PBXTargetDependency */ = {
			isa = PBXTargetDependency;
			target = F037FE252B633F5100409645 /* TCM_Herbology_SwiftUI_MVVVM */;
			targetProxy = F037FE462B633F5200409645 /* PBXContainerItemProxy */;
		};
/* End PBXTargetDependency section */

/* Begin XCBuildConfiguration section */
		F037FE4D2B633F5200409645 /* Debug */ = {
			isa = XCBuildConfiguration;
			buildSettings = {
				ALWAYS_SEARCH_USER_PATHS = NO;
				ASSETCATALOG_COMPILER_GENERATE_SWIFT_ASSET_SYMBOL_EXTENSIONS = YES;
				CLANG_ANALYZER_NONNULL = YES;
				CLANG_ANALYZER_NUMBER_OBJECT_CONVERSION = YES_AGGRESSIVE;
				CLANG_CXX_LANGUAGE_STANDARD = "gnu++20";
				CLANG_ENABLE_MODULES = YES;
				CLANG_ENABLE_OBJC_ARC = YES;
				CLANG_ENABLE_OBJC_WEAK = YES;
				CLANG_WARN_BLOCK_CAPTURE_AUTORELEASING = YES;
				CLANG_WARN_BOOL_CONVERSION = YES;
				CLANG_WARN_COMMA = YES;
				CLANG_WARN_CONSTANT_CONVERSION = YES;
				CLANG_WARN_DEPRECATED_OBJC_IMPLEMENTATIONS = YES;
				CLANG_WARN_DIRECT_OBJC_ISA_USAGE = YES_ERROR;
				CLANG_WARN_DOCUMENTATION_COMMENTS = YES;
				CLANG_WARN_EMPTY_BODY = YES;
				CLANG_WARN_ENUM_CONVERSION = YES;
				CLANG_WARN_INFINITE_RECURSION = YES;
				CLANG_WARN_INT_CONVERSION = YES;
				CLANG_WARN_NON_LITERAL_NULL_CONVERSION = YES;
				CLANG_WARN_OBJC_IMPLICIT_RETAIN_SELF = YES;
				CLANG_WARN_OBJC_LITERAL_CONVERSION = YES;
				CLANG_WARN_OBJC_ROOT_CLASS = YES_ERROR;
				CLANG_WARN_QUOTED_INCLUDE_IN_FRAMEWORK_HEADER = YES;
				CLANG_WARN_RANGE_LOOP_ANALYSIS = YES;
				CLANG_WARN_STRICT_PROTOTYPES = YES;
				CLANG_WARN_SUSPICIOUS_MOVE = YES;
				CLANG_WARN_UNGUARDED_AVAILABILITY = YES_AGGRESSIVE;
				CLANG_WARN_UNREACHABLE_CODE = YES;
				CLANG_WARN__DUPLICATE_METHOD_MATCH = YES;
				COPY_PHASE_STRIP = NO;
				DEBUG_INFORMATION_FORMAT = dwarf;
				ENABLE_STRICT_OBJC_MSGSEND = YES;
				ENABLE_TESTABILITY = YES;
				ENABLE_USER_SCRIPT_SANDBOXING = YES;
				GCC_C_LANGUAGE_STANDARD = gnu17;
				GCC_DYNAMIC_NO_PIC = NO;
				GCC_NO_COMMON_BLOCKS = YES;
				GCC_OPTIMIZATION_LEVEL = 0;
				GCC_PREPROCESSOR_DEFINITIONS = (
					"DEBUG=1",
					"$(inherited)",
				);
				GCC_WARN_64_TO_32_BIT_CONVERSION = YES;
				GCC_WARN_ABOUT_RETURN_TYPE = YES_ERROR;
				GCC_WARN_UNDECLARED_SELECTOR = YES;
				GCC_WARN_UNINITIALIZED_AUTOS = YES_AGGRESSIVE;
				GCC_WARN_UNUSED_FUNCTION = YES;
				GCC_WARN_UNUSED_VARIABLE = YES;
				IPHONEOS_DEPLOYMENT_TARGET = 17.2;
				LOCALIZATION_PREFERS_STRING_CATALOGS = YES;
				MTL_ENABLE_DEBUG_INFO = INCLUDE_SOURCE;
				MTL_FAST_MATH = YES;
				ONLY_ACTIVE_ARCH = YES;
				SDKROOT = iphoneos;
				SWIFT_ACTIVE_COMPILATION_CONDITIONS = "DEBUG $(inherited)";
				SWIFT_OPTIMIZATION_LEVEL = "-Onone";
			};
			name = Debug;
		};
		F037FE4E2B633F5200409645 /* Release */ = {
			isa = XCBuildConfiguration;
			buildSettings = {
				ALWAYS_SEARCH_USER_PATHS = NO;
				ASSETCATALOG_COMPILER_GENERATE_SWIFT_ASSET_SYMBOL_EXTENSIONS = YES;
				CLANG_ANALYZER_NONNULL = YES;
				CLANG_ANALYZER_NUMBER_OBJECT_CONVERSION = YES_AGGRESSIVE;
				CLANG_CXX_LANGUAGE_STANDARD = "gnu++20";
				CLANG_ENABLE_MODULES = YES;
				CLANG_ENABLE_OBJC_ARC = YES;
				CLANG_ENABLE_OBJC_WEAK = YES;
				CLANG_WARN_BLOCK_CAPTURE_AUTORELEASING = YES;
				CLANG_WARN_BOOL_CONVERSION = YES;
				CLANG_WARN_COMMA = YES;
				CLANG_WARN_CONSTANT_CONVERSION = YES;
				CLANG_WARN_DEPRECATED_OBJC_IMPLEMENTATIONS = YES;
				CLANG_WARN_DIRECT_OBJC_ISA_USAGE = YES_ERROR;
				CLANG_WARN_DOCUMENTATION_COMMENTS = YES;
				CLANG_WARN_EMPTY_BODY = YES;
				CLANG_WARN_ENUM_CONVERSION = YES;
				CLANG_WARN_INFINITE_RECURSION = YES;
				CLANG_WARN_INT_CONVERSION = YES;
				CLANG_WARN_NON_LITERAL_NULL_CONVERSION = YES;
				CLANG_WARN_OBJC_IMPLICIT_RETAIN_SELF = YES;
				CLANG_WARN_OBJC_LITERAL_CONVERSION = YES;
				CLANG_WARN_OBJC_ROOT_CLASS = YES_ERROR;
				CLANG_WARN_QUOTED_INCLUDE_IN_FRAMEWORK_HEADER = YES;
				CLANG_WARN_RANGE_LOOP_ANALYSIS = YES;
				CLANG_WARN_STRICT_PROTOTYPES = YES;
				CLANG_WARN_SUSPICIOUS_MOVE = YES;
				CLANG_WARN_UNGUARDED_AVAILABILITY = YES_AGGRESSIVE;
				CLANG_WARN_UNREACHABLE_CODE = YES;
				CLANG_WARN__DUPLICATE_METHOD_MATCH = YES;
				COPY_PHASE_STRIP = NO;
				DEBUG_INFORMATION_FORMAT = "dwarf-with-dsym";
				ENABLE_NS_ASSERTIONS = NO;
				ENABLE_STRICT_OBJC_MSGSEND = YES;
				ENABLE_USER_SCRIPT_SANDBOXING = YES;
				GCC_C_LANGUAGE_STANDARD = gnu17;
				GCC_NO_COMMON_BLOCKS = YES;
				GCC_WARN_64_TO_32_BIT_CONVERSION = YES;
				GCC_WARN_ABOUT_RETURN_TYPE = YES_ERROR;
				GCC_WARN_UNDECLARED_SELECTOR = YES;
				GCC_WARN_UNINITIALIZED_AUTOS = YES_AGGRESSIVE;
				GCC_WARN_UNUSED_FUNCTION = YES;
				GCC_WARN_UNUSED_VARIABLE = YES;
				IPHONEOS_DEPLOYMENT_TARGET = 17.2;
				LOCALIZATION_PREFERS_STRING_CATALOGS = YES;
				MTL_ENABLE_DEBUG_INFO = NO;
				MTL_FAST_MATH = YES;
				SDKROOT = iphoneos;
				SWIFT_COMPILATION_MODE = wholemodule;
				VALIDATE_PRODUCT = YES;
			};
			name = Release;
		};
		F037FE502B633F5200409645 /* Debug */ = {
			isa = XCBuildConfiguration;
			buildSettings = {
				ASSETCATALOG_COMPILER_APPICON_NAME = AppIcon;
				ASSETCATALOG_COMPILER_GLOBAL_ACCENT_COLOR_NAME = AccentColor;
				CODE_SIGN_STYLE = Automatic;
				CURRENT_PROJECT_VERSION = 1;
				DEVELOPMENT_ASSET_PATHS = "\"TCM_Herbology_SwiftUI/Preview Content\"";
				DEVELOPMENT_TEAM = TM77TWQU4A;
				ENABLE_PREVIEWS = YES;
				GENERATE_INFOPLIST_FILE = YES;
				INFOPLIST_KEY_UIApplicationSceneManifest_Generation = YES;
				INFOPLIST_KEY_UIApplicationSupportsIndirectInputEvents = YES;
				INFOPLIST_KEY_UILaunchScreen_Generation = YES;
				INFOPLIST_KEY_UISupportedInterfaceOrientations_iPad = "UIInterfaceOrientationPortrait UIInterfaceOrientationPortraitUpsideDown UIInterfaceOrientationLandscapeLeft UIInterfaceOrientationLandscapeRight";
				INFOPLIST_KEY_UISupportedInterfaceOrientations_iPhone = "UIInterfaceOrientationPortrait UIInterfaceOrientationLandscapeLeft UIInterfaceOrientationLandscapeRight";
				IPHONEOS_DEPLOYMENT_TARGET = 15.0;
				LD_RUNPATH_SEARCH_PATHS = (
					"$(inherited)",
					"@executable_path/Frameworks",
				);
				MARKETING_VERSION = 1.0;
				PRODUCT_BUNDLE_IDENTIFIER = "ca.kuchou.swift.TCM-Herbology-SwiftUI";
				PRODUCT_NAME = "$(TARGET_NAME)";
				SWIFT_EMIT_LOC_STRINGS = YES;
				SWIFT_VERSION = 5.0;
				TARGETED_DEVICE_FAMILY = "1,2";
			};
			name = Debug;
		};
		F037FE512B633F5200409645 /* Release */ = {
			isa = XCBuildConfiguration;
			buildSettings = {
				ASSETCATALOG_COMPILER_APPICON_NAME = AppIcon;
				ASSETCATALOG_COMPILER_GLOBAL_ACCENT_COLOR_NAME = AccentColor;
				CODE_SIGN_STYLE = Automatic;
				CURRENT_PROJECT_VERSION = 1;
				DEVELOPMENT_ASSET_PATHS = "\"TCM_Herbology_SwiftUI/Preview Content\"";
				DEVELOPMENT_TEAM = TM77TWQU4A;
				ENABLE_PREVIEWS = YES;
				GENERATE_INFOPLIST_FILE = YES;
				INFOPLIST_KEY_UIApplicationSceneManifest_Generation = YES;
				INFOPLIST_KEY_UIApplicationSupportsIndirectInputEvents = YES;
				INFOPLIST_KEY_UILaunchScreen_Generation = YES;
				INFOPLIST_KEY_UISupportedInterfaceOrientations_iPad = "UIInterfaceOrientationPortrait UIInterfaceOrientationPortraitUpsideDown UIInterfaceOrientationLandscapeLeft UIInterfaceOrientationLandscapeRight";
				INFOPLIST_KEY_UISupportedInterfaceOrientations_iPhone = "UIInterfaceOrientationPortrait UIInterfaceOrientationLandscapeLeft UIInterfaceOrientationLandscapeRight";
				IPHONEOS_DEPLOYMENT_TARGET = 15.0;
				LD_RUNPATH_SEARCH_PATHS = (
					"$(inherited)",
					"@executable_path/Frameworks",
				);
				MARKETING_VERSION = 1.0;
				PRODUCT_BUNDLE_IDENTIFIER = "ca.kuchou.swift.TCM-Herbology-SwiftUI";
				PRODUCT_NAME = "$(TARGET_NAME)";
				SWIFT_EMIT_LOC_STRINGS = YES;
				SWIFT_VERSION = 5.0;
				TARGETED_DEVICE_FAMILY = "1,2";
			};
			name = Release;
		};
		F037FE532B633F5200409645 /* Debug */ = {
			isa = XCBuildConfiguration;
			buildSettings = {
				ALWAYS_EMBED_SWIFT_STANDARD_LIBRARIES = YES;
				BUNDLE_LOADER = "$(TEST_HOST)";
				CODE_SIGN_STYLE = Automatic;
				CURRENT_PROJECT_VERSION = 1;
				GENERATE_INFOPLIST_FILE = YES;
				IPHONEOS_DEPLOYMENT_TARGET = 17.2;
				MARKETING_VERSION = 1.0;
				PRODUCT_BUNDLE_IDENTIFIER = "ca.kuchou.swift.TCM-Herbology-SwiftUITests";
				PRODUCT_NAME = "$(TARGET_NAME)";
				SWIFT_EMIT_LOC_STRINGS = NO;
				SWIFT_VERSION = 5.0;
				TARGETED_DEVICE_FAMILY = "1,2";
				TEST_HOST = "$(BUILT_PRODUCTS_DIR)/TCM_Herbology_SwiftUI_MVVVM.app/$(BUNDLE_EXECUTABLE_FOLDER_PATH)/TCM_Herbology_SwiftUI_MVVVM";
			};
			name = Debug;
		};
		F037FE542B633F5200409645 /* Release */ = {
			isa = XCBuildConfiguration;
			buildSettings = {
				ALWAYS_EMBED_SWIFT_STANDARD_LIBRARIES = YES;
				BUNDLE_LOADER = "$(TEST_HOST)";
				CODE_SIGN_STYLE = Automatic;
				CURRENT_PROJECT_VERSION = 1;
				GENERATE_INFOPLIST_FILE = YES;
				IPHONEOS_DEPLOYMENT_TARGET = 17.2;
				MARKETING_VERSION = 1.0;
				PRODUCT_BUNDLE_IDENTIFIER = "ca.kuchou.swift.TCM-Herbology-SwiftUITests";
				PRODUCT_NAME = "$(TARGET_NAME)";
				SWIFT_EMIT_LOC_STRINGS = NO;
				SWIFT_VERSION = 5.0;
				TARGETED_DEVICE_FAMILY = "1,2";
				TEST_HOST = "$(BUILT_PRODUCTS_DIR)/TCM_Herbology_SwiftUI_MVVVM.app/$(BUNDLE_EXECUTABLE_FOLDER_PATH)/TCM_Herbology_SwiftUI_MVVVM";
			};
			name = Release;
		};
		F037FE562B633F5200409645 /* Debug */ = {
			isa = XCBuildConfiguration;
			buildSettings = {
				ALWAYS_EMBED_SWIFT_STANDARD_LIBRARIES = YES;
				CODE_SIGN_STYLE = Automatic;
				CURRENT_PROJECT_VERSION = 1;
				GENERATE_INFOPLIST_FILE = YES;
				MARKETING_VERSION = 1.0;
				PRODUCT_BUNDLE_IDENTIFIER = "ca.kuchou.swift.TCM-Herbology-SwiftUIUITests";
				PRODUCT_NAME = "$(TARGET_NAME)";
				SWIFT_EMIT_LOC_STRINGS = NO;
				SWIFT_VERSION = 5.0;
				TARGETED_DEVICE_FAMILY = "1,2";
				TEST_TARGET_NAME = TCM_Herbology_SwiftUI;
			};
			name = Debug;
		};
		F037FE572B633F5200409645 /* Release */ = {
			isa = XCBuildConfiguration;
			buildSettings = {
				ALWAYS_EMBED_SWIFT_STANDARD_LIBRARIES = YES;
				CODE_SIGN_STYLE = Automatic;
				CURRENT_PROJECT_VERSION = 1;
				GENERATE_INFOPLIST_FILE = YES;
				MARKETING_VERSION = 1.0;
				PRODUCT_BUNDLE_IDENTIFIER = "ca.kuchou.swift.TCM-Herbology-SwiftUIUITests";
				PRODUCT_NAME = "$(TARGET_NAME)";
				SWIFT_EMIT_LOC_STRINGS = NO;
				SWIFT_VERSION = 5.0;
				TARGETED_DEVICE_FAMILY = "1,2";
				TEST_TARGET_NAME = TCM_Herbology_SwiftUI;
			};
			name = Release;
		};
/* End XCBuildConfiguration section */

/* Begin XCConfigurationList section */
		F037FE212B633F5100409645 /* Build configuration list for PBXProject "TCM_Herbology_SwiftUI_MVVVM" */ = {
			isa = XCConfigurationList;
			buildConfigurations = (
				F037FE4D2B633F5200409645 /* Debug */,
				F037FE4E2B633F5200409645 /* Release */,
			);
			defaultConfigurationIsVisible = 0;
			defaultConfigurationName = Release;
		};
		F037FE4F2B633F5200409645 /* Build configuration list for PBXNativeTarget "TCM_Herbology_SwiftUI_MVVVM" */ = {
			isa = XCConfigurationList;
			buildConfigurations = (
				F037FE502B633F5200409645 /* Debug */,
				F037FE512B633F5200409645 /* Release */,
			);
			defaultConfigurationIsVisible = 0;
			defaultConfigurationName = Release;
		};
		F037FE522B633F5200409645 /* Build configuration list for PBXNativeTarget "TCM_Herbology_SwiftUI_MVVVMTests" */ = {
			isa = XCConfigurationList;
			buildConfigurations = (
				F037FE532B633F5200409645 /* Debug */,
				F037FE542B633F5200409645 /* Release */,
			);
			defaultConfigurationIsVisible = 0;
			defaultConfigurationName = Release;
		};
		F037FE552B633F5200409645 /* Build configuration list for PBXNativeTarget "TCM_Herbology_SwiftUI_MVVVMUITests" */ = {
			isa = XCConfigurationList;
			buildConfigurations = (
				F037FE562B633F5200409645 /* Debug */,
				F037FE572B633F5200409645 /* Release */,
			);
			defaultConfigurationIsVisible = 0;
			defaultConfigurationName = Release;
		};
/* End XCConfigurationList section */

/* Begin XCVersionGroup section */
		F037FE342B633F5200409645 /* TCM_Herbology_SwiftUI.xcdatamodeld */ = {
			isa = XCVersionGroup;
			children = (
				F037FE352B633F5200409645 /* TCM_Herbology_SwiftUI.xcdatamodel */,
			);
			currentVersion = F037FE352B633F5200409645 /* TCM_Herbology_SwiftUI.xcdatamodel */;
			path = TCM_Herbology_SwiftUI.xcdatamodeld;
			sourceTree = "<group>";
			versionGroupType = wrapper.xcdatamodel;
		};
/* End XCVersionGroup section */
	};
	rootObject = F037FE1E2B633F5100409645 /* Project object */;
}
